
Microsoft Visual Studio Solution File, Format Version 12.00
# Visual Studio Version 17
VisualStudioVersion = 17.4.33403.182
MinimumVisualStudioVersion = 10.0.40219.1
Project("{FAE04EC0-301F-11D3-BF4B-00C04F79EFBC}") = "classes", "classes\classes.csproj", "{5F0CFDE1-0EA7-43A8-9C66-FA50BFECB4D3}"
EndProject
Project("{FAE04EC0-301F-11D3-BF4B-00C04F79EFBC}") = "trials", "trials\trials.csproj", "{9C0A1F62-6024-45ED-923B-063B7AA3C9DE}"
EndProject
Global
	GlobalSection(SolutionConfigurationPlatforms) = preSolution
		Debug|Any CPU = Debug|Any CPU
		Release|Any CPU = Release|Any CPU
	EndGlobalSection
	GlobalSection(ProjectConfigurationPlatforms) = postSolution
		{5F0CFDE1-0EA7-43A8-9C66-FA50BFECB4D3}.Debug|Any CPU.ActiveCfg = Debug|Any CPU
		{5F0CFDE1-0EA7-43A8-9C66-FA50BFECB4D3}.Debug|Any CPU.Build.0 = Debug|Any CPU
		{5F0CFDE1-0EA7-43A8-9C66-FA50BFECB4D3}.Release|Any CPU.ActiveCfg = Release|Any CPU
		{5F0CFDE1-0EA7-43A8-9C66-FA50BFECB4D3}.Release|Any CPU.Build.0 = Release|Any CPU
		{9C0A1F62-6024-45ED-923B-063B7AA3C9DE}.Debug|Any CPU.ActiveCfg = Debug|Any CPU
		{9C0A1F62-6024-45ED-923B-063B7AA3C9DE}.Debug|Any CPU.Build.0 = Debug|Any CPU
		{9C0A1F62-6024-45ED-923B-063B7AA3C9DE}.Release|Any CPU.ActiveCfg = Release|Any CPU
		{9C0A1F62-6024-45ED-923B-063B7AA3C9DE}.Release|Any CPU.Build.0 = Release|Any CPU
	EndGlobalSection
	GlobalSection(SolutionProperties) = preSolution
		HideSolutionNode = FALSE
	EndGlobalSection
	GlobalSection(ExtensibilityGlobals) = postSolution
		SolutionGuid = {6461C630-6004-4FB6-B157-856BE89AFA7E}
	EndGlobalSection
EndGlobal
